schema: '2.0'
stages:
  data_ingestion:
    cmd: python src/data/data_ingestion.py
    deps:
    - path: src/data/data_ingestion.py
      hash: md5
      md5: 35203712bd3e7aea246d97c617250348
      size: 4737
    params:
      params.yaml:
        data_ingestion.test_size: 0.2
    outs:
    - path: data/raw
      hash: md5
      md5: b855e2bab4e21078d44844fee5be9da3.dir
      size: 6882906
      nfiles: 2
  data_preprocessing:
    cmd: python src/data/data_preprocessing.py
    deps:
    - path: data/raw/test.csv
      hash: md5
      md5: 295b88d81555e67a857db0337244e118
      size: 1341252
    - path: data/raw/train.csv
      hash: md5
      md5: 70faef66e6135c49f7f02db4a55e9fdd
      size: 5541654
    - path: src/data/data_preprocessing.py
      hash: md5
      md5: f2564c4f70fdaafe03024ff9de373113
      size: 4834
    outs:
    - path: data/interim
      hash: md5
      md5: a2bbccdc23dd271231099f8d5c99ff87.dir
      size: 5098055
      nfiles: 2
  feature_engineering:
    cmd: python src/features/feature_engineering.py
    deps:
    - path: data/interim/test_processed.csv
      hash: md5
      md5: 5b260b8114240fb9c541c0d07b150b14
      size: 993166
    - path: data/interim/train_processed.csv
      hash: md5
      md5: 86284f4698366b0f2ee05c211c0e9453
      size: 4104889
    - path: src/features/feature_engineering.py
      hash: md5
      md5: a300c149e1f5c8c7fcd5f887a2e7530c
      size: 11204
    params:
      params.yaml:
        feature_engineering.max_features: 10000
        feature_engineering.ngram_range:
        - 1
        - 3
    outs:
    - path: data/processed
      hash: md5
      md5: 44c63f02e7793196a86cdfc583340354.dir
      size: 6104769
      nfiles: 2
    - path: models/vectorizer.pkl
      hash: md5
      md5: 7f6afc6abdd08fa22e079fb463dc3ff0
      size: 384115
  model_building:
    cmd: python src/model/model_building.py
    deps:
    - path: data/processed/X_train_tfidf.pkl
      hash: md5
      md5: bd1ff74d94f8d5d4748498e9f39a114d
      size: 5869976
    - path: data/processed/y_train.pkl
      hash: md5
      md5: fb765243147297a07568cfc9c961a9ed
      size: 234793
    - path: src/model/model_building.py
      hash: md5
      md5: d4374f746ac7bfb019bc90f1899393ff
      size: 3819
    params:
      params.yaml:
        model_building.learning_rate: 0.09
        model_building.max_depth: 20
        model_building.n_estimators: 367
    outs:
    - path: models/lgbm_model.pkl
      hash: md5
      md5: 5fe49d0c96b2e8fb9073c73f351b8053
      size: 4098366
  model_evaluation:
    cmd: python src/model/model_evaluation.py
    deps:
    - path: data/interim/test_processed.csv
      hash: md5
      md5: 5b260b8114240fb9c541c0d07b150b14
      size: 993166
    - path: data/interim/train_processed.csv
      hash: md5
      md5: 86284f4698366b0f2ee05c211c0e9453
      size: 4104889
    - path: models/lgbm_model.pkl
      hash: md5
      md5: 5fe49d0c96b2e8fb9073c73f351b8053
      size: 4098366
    - path: models/vectorizer.pkl
      hash: md5
      md5: 7f6afc6abdd08fa22e079fb463dc3ff0
      size: 384115
    - path: src/model/model_evaluation.py
      hash: md5
      md5: 5968e8c38ac6540402cec932ce4b9e2a
      size: 7152
    outs:
    - path: reports/experiment_info.json
      hash: md5
      md5: faf8a8f578ac89c278a4a856f08d36ce
      size: 84
  model_registration:
    cmd: python src/model/register_model.py
    deps:
    - path: reports/experiment_info.json
      hash: md5
      md5: faf8a8f578ac89c278a4a856f08d36ce
      size: 84
    - path: src/model/register_model.py
      hash: md5
      md5: 94ea75c378fcaf0e5e3bba1179ecd36a
      size: 3192
